
Microsoft Visual Studio Solution File, Format Version 12.00
# Visual Studio 15
VisualStudioVersion = 15.0.27703.2026
MinimumVisualStudioVersion = 10.0.40219.1
Project("{888888A0-9F3D-457C-B088-3A5042F75D52}") = "manuskript", "manuskript.pyproj", "{52CE728D-3C20-4918-ACDB-8D0DA7F78FD6}"
EndProject
Global
	GlobalSection(SolutionConfigurationPlatforms) = preSolution
		Debug|Any CPU = Debug|Any CPU
		Release|Any CPU = Release|Any CPU
	EndGlobalSection
	GlobalSection(ProjectConfigurationPlatforms) = postSolution
		{52CE728D-3C20-4918-ACDB-8D0DA7F78FD6}.Debug|Any CPU.ActiveCfg = Debug|Any CPU
		{52CE728D-3C20-4918-ACDB-8D0DA7F78FD6}.Release|Any CPU.ActiveCfg = Release|Any CPU
	EndGlobalSection
	GlobalSection(SolutionProperties) = preSolution
		HideSolutionNode = FALSE
	EndGlobalSection
	GlobalSection(ExtensibilityGlobals) = postSolution
		SolutionGuid = {95C48017-DA28-4F23-BE6C-49A654C56A95}
	EndGlobalSection
EndGlobal
